
Microsoft Visual Studio Solution File, Format Version 12.00
# Visual Studio Version 17
VisualStudioVersion = 17.13.35919.96 d17.13
MinimumVisualStudioVersion = 10.0.40219.1
Project("{FAE04EC0-301F-11D3-BF4B-00C04F79EFBC}") = "MoodTracker", "MoodTracker\MoodTracker.csproj", "{6AF6DBD8-6639-423D-BAED-F64943BAB8AA}"
EndProject
Global
	GlobalSection(SolutionConfigurationPlatforms) = preSolution
		Debug|Any CPU = Debug|Any CPU
		Release|Any CPU = Release|Any CPU
	EndGlobalSection
	GlobalSection(ProjectConfigurationPlatforms) = postSolution
		{6AF6DBD8-6639-423D-BAED-F64943BAB8AA}.Debug|Any CPU.ActiveCfg = Debug|Any CPU
		{6AF6DBD8-6639-423D-BAED-F64943BAB8AA}.Debug|Any CPU.Build.0 = Debug|Any CPU
		{6AF6DBD8-6639-423D-BAED-F64943BAB8AA}.Release|Any CPU.ActiveCfg = Release|Any CPU
		{6AF6DBD8-6639-423D-BAED-F64943BAB8AA}.Release|Any CPU.Build.0 = Release|Any CPU
	EndGlobalSection
	GlobalSection(SolutionProperties) = preSolution
		HideSolutionNode = FALSE
	EndGlobalSection
	GlobalSection(ExtensibilityGlobals) = postSolution
		SolutionGuid = {906E14AE-2D03-45AF-805C-021166EF632A}
	EndGlobalSection
EndGlobal
